# This file was autogenerated by Stack.
# You should not edit this file by hand.
# For more information, please see the documentation at:
#   https://docs.haskellstack.org/en/stable/lock_files

packages:
- completed:
    hackage: HDBC-sqlite3-2.3.3.1@sha256:5025fd94d02b9b3f0b8b8233796dd9a85a0b3dda6503c6e671e3eddbc51cb4d4,2424
    pantry-tree:
      size: 1427
      sha256: 76e71f73502350ed3fe5fc64604a21a3c8027d49fe6846183d53dbdaf583437a
  original:
    hackage: HDBC-sqlite3-2.3.3.1
- completed:
    hackage: product-isomorphic-0.0.3.3@sha256:6a164d34fda7a0ff88a7a23949dd7ac4354d46eaeafa2e08573fc7d067e5edab,2450
    pantry-tree:
      size: 905
      sha256: e63c282f8d89b12696bf6e8d3373d1f146833c2aec8a7528e2462c3f632e44a2
  original:
    hackage: product-isomorphic-0.0.3.3
snapshots:
- completed:
    size: 518016
    url: https://raw.githubusercontent.com/commercialhaskell/stackage-snapshots/master/lts/8/24.yaml
    sha256: 58d166ffca17aba53a052fb1e2e1dd1563752d039e30f4d135d7e1cbe3e870cc
  original: lts-8.24
